{
  "name": "playcanvas-node",
  "version": "1.0.0",
  "lockfileVersion": 2,
  "requires": true,
  "packages": {
    "": {
      "name": "playcanvas-node",
      "version": "1.0.0",
      "license": "ISC",
      "dependencies": {
        "@playcanvas/canvas-mock": "^1.0.1",
        "playcanvas": "^1.65.3"
      }
    },
    "node_modules/@playcanvas/canvas-mock": {
      "version": "1.0.1",
      "resolved": "https://registry.npmjs.org/@playcanvas/canvas-mock/-/canvas-mock-1.0.1.tgz",
      "integrity": "sha512-+au+qXfJFLuC1euQuixjbUVll2VOjnBRNP+hjUDWkX8lMmo8LtbfUxgfTbZCNQTCSBvV+9Ms7aha/3Urkz3uUg=="
    },
    "node_modules/playcanvas": {
      "version": "1.65.3",
      "resolved": "https://registry.npmjs.org/playcanvas/-/playcanvas-1.65.3.tgz",
      "integrity": "sha512-ODxhVqYUe0mFcIFPcZhp0lmvSif/iLA2Y5/M3i0p0Ru1R1PZ+nLMyyxKqPGeCBqXh1Kqg5K4co0+Qk0y6BZd9Q=="
    }
  },
  "dependencies": {
    "@playcanvas/canvas-mock": {
      "version": "1.0.1",
      "resolved": "https://registry.npmjs.org/@playcanvas/canvas-mock/-/canvas-mock-1.0.1.tgz",
      "integrity": "sha512-+au+qXfJFLuC1euQuixjbUVll2VOjnBRNP+hjUDWkX8lMmo8LtbfUxgfTbZCNQTCSBvV+9Ms7aha/3Urkz3uUg=="
    },
    "playcanvas": {
      "version": "1.65.3",
      "resolved": "https://registry.npmjs.org/playcanvas/-/playcanvas-1.65.3.tgz",
      "integrity": "sha512-ODxhVqYUe0mFcIFPcZhp0lmvSif/iLA2Y5/M3i0p0Ru1R1PZ+nLMyyxKqPGeCBqXh1Kqg5K4co0+Qk0y6BZd9Q=="
    }
  }
}
